
Microsoft Visual Studio Solution File, Format Version 12.00
# Visual Studio Version 17
VisualStudioVersion = 17.11.35208.52
MinimumVisualStudioVersion = 10.0.40219.1
Project("{FAE04EC0-301F-11D3-BF4B-00C04F79EFBC}") = "CPE340_BIMS", "CPE340_BIMS.csproj", "{ED9F7D7E-B67C-4607-9F91-DD0E2A968E69}"
EndProject
Global
	GlobalSection(SolutionConfigurationPlatforms) = preSolution
		Debug|Any CPU = Debug|Any CPU
		Release|Any CPU = Release|Any CPU
	EndGlobalSection
	GlobalSection(ProjectConfigurationPlatforms) = postSolution
		{ED9F7D7E-B67C-4607-9F91-DD0E2A968E69}.Debug|Any CPU.ActiveCfg = Debug|Any CPU
		{ED9F7D7E-B67C-4607-9F91-DD0E2A968E69}.Debug|Any CPU.Build.0 = Debug|Any CPU
		{ED9F7D7E-B67C-4607-9F91-DD0E2A968E69}.Release|Any CPU.ActiveCfg = Release|Any CPU
		{ED9F7D7E-B67C-4607-9F91-DD0E2A968E69}.Release|Any CPU.Build.0 = Release|Any CPU
	EndGlobalSection
	GlobalSection(SolutionProperties) = preSolution
		HideSolutionNode = FALSE
	EndGlobalSection
	GlobalSection(ExtensibilityGlobals) = postSolution
		SolutionGuid = {854CD608-F799-4557-B228-D952072F17D3}
	EndGlobalSection
EndGlobal
